
Microsoft Visual Studio Solution File, Format Version 12.00
# Visual Studio Version 16
VisualStudioVersion = 16.0.29326.143
MinimumVisualStudioVersion = 10.0.40219.1
Project("{FAE04EC0-301F-11D3-BF4B-00C04F79EFBC}") = "AnagramCheckerAPI", "AnagramCheckerAPI\AnagramCheckerAPI.csproj", "{CCA0FD24-4EB2-4A79-886D-5891720053E9}"
EndProject
Project("{FAE04EC0-301F-11D3-BF4B-00C04F79EFBC}") = "AnagramCheckerLogic", "AnagramCheckerLogic\AnagramCheckerLogic.csproj", "{63DA261F-666A-49B1-AE20-9C26B7B31041}"
EndProject
Project("{FAE04EC0-301F-11D3-BF4B-00C04F79EFBC}") = "AnagramCheckerApp", "AnagramCheckerApp\AnagramCheckerApp.csproj", "{6F708DDD-73C7-415E-B84A-64831857D48E}"
EndProject
Global
	GlobalSection(SolutionConfigurationPlatforms) = preSolution
		Debug|Any CPU = Debug|Any CPU
		Release|Any CPU = Release|Any CPU
	EndGlobalSection
	GlobalSection(ProjectConfigurationPlatforms) = postSolution
		{CCA0FD24-4EB2-4A79-886D-5891720053E9}.Debug|Any CPU.ActiveCfg = Debug|Any CPU
		{CCA0FD24-4EB2-4A79-886D-5891720053E9}.Debug|Any CPU.Build.0 = Debug|Any CPU
		{CCA0FD24-4EB2-4A79-886D-5891720053E9}.Release|Any CPU.ActiveCfg = Release|Any CPU
		{CCA0FD24-4EB2-4A79-886D-5891720053E9}.Release|Any CPU.Build.0 = Release|Any CPU
		{63DA261F-666A-49B1-AE20-9C26B7B31041}.Debug|Any CPU.ActiveCfg = Debug|Any CPU
		{63DA261F-666A-49B1-AE20-9C26B7B31041}.Debug|Any CPU.Build.0 = Debug|Any CPU
		{63DA261F-666A-49B1-AE20-9C26B7B31041}.Release|Any CPU.ActiveCfg = Release|Any CPU
		{63DA261F-666A-49B1-AE20-9C26B7B31041}.Release|Any CPU.Build.0 = Release|Any CPU
		{6F708DDD-73C7-415E-B84A-64831857D48E}.Debug|Any CPU.ActiveCfg = Debug|Any CPU
		{6F708DDD-73C7-415E-B84A-64831857D48E}.Debug|Any CPU.Build.0 = Debug|Any CPU
		{6F708DDD-73C7-415E-B84A-64831857D48E}.Release|Any CPU.ActiveCfg = Release|Any CPU
		{6F708DDD-73C7-415E-B84A-64831857D48E}.Release|Any CPU.Build.0 = Release|Any CPU
	EndGlobalSection
	GlobalSection(SolutionProperties) = preSolution
		HideSolutionNode = FALSE
	EndGlobalSection
	GlobalSection(ExtensibilityGlobals) = postSolution
		SolutionGuid = {9D0FB5BF-E790-4788-990B-F9725E19F24B}
	EndGlobalSection
EndGlobal
